
Microsoft Visual Studio Solution File, Format Version 12.00
# Visual Studio Version 17
VisualStudioVersion = 17.0.31903.59
MinimumVisualStudioVersion = 10.0.40219.1
Project("{FAE04EC0-301F-11D3-BF4B-00C04F79EFBC}") = "Sketchpad.Core", "Sketchpad.Core\Sketchpad.Core.csproj", "{370826FC-E976-4D6C-9EE5-197E774C902B}"
EndProject
Project("{FAE04EC0-301F-11D3-BF4B-00C04F79EFBC}") = "Sketchpad.Core.Tests", "Sketchpad.Core.Tests\Sketchpad.Core.Tests.csproj", "{F7FE2A5F-249D-448A-89C0-DBC8E52634AD}"
EndProject
Project("{FAE04EC0-301F-11D3-BF4B-00C04F79EFBC}") = "Sketchpad.Renderers", "Sketchpad.Renderers\Sketchpad.Renderers.csproj", "{F7D8B0B8-198C-48BB-B4BF-40342679A59B}"
EndProject
Project("{FAE04EC0-301F-11D3-BF4B-00C04F79EFBC}") = "Sketchpad.App", "Sketchpad.App\Sketchpad.App.csproj", "{C1DB88B6-FDE0-43E0-95AE-0AC065CA5440}"
EndProject
Global
	GlobalSection(SolutionConfigurationPlatforms) = preSolution
		Debug|Any CPU = Debug|Any CPU
		Debug|x64 = Debug|x64
		Debug|x86 = Debug|x86
		Release|Any CPU = Release|Any CPU
		Release|x64 = Release|x64
		Release|x86 = Release|x86
	EndGlobalSection
	GlobalSection(ProjectConfigurationPlatforms) = postSolution
		{370826FC-E976-4D6C-9EE5-197E774C902B}.Debug|Any CPU.ActiveCfg = Debug|Any CPU
		{370826FC-E976-4D6C-9EE5-197E774C902B}.Debug|Any CPU.Build.0 = Debug|Any CPU
		{370826FC-E976-4D6C-9EE5-197E774C902B}.Debug|x64.ActiveCfg = Debug|Any CPU
		{370826FC-E976-4D6C-9EE5-197E774C902B}.Debug|x64.Build.0 = Debug|Any CPU
		{370826FC-E976-4D6C-9EE5-197E774C902B}.Debug|x86.ActiveCfg = Debug|Any CPU
		{370826FC-E976-4D6C-9EE5-197E774C902B}.Debug|x86.Build.0 = Debug|Any CPU
		{370826FC-E976-4D6C-9EE5-197E774C902B}.Release|Any CPU.ActiveCfg = Release|Any CPU
		{370826FC-E976-4D6C-9EE5-197E774C902B}.Release|Any CPU.Build.0 = Release|Any CPU
		{370826FC-E976-4D6C-9EE5-197E774C902B}.Release|x64.ActiveCfg = Release|Any CPU
		{370826FC-E976-4D6C-9EE5-197E774C902B}.Release|x64.Build.0 = Release|Any CPU
		{370826FC-E976-4D6C-9EE5-197E774C902B}.Release|x86.ActiveCfg = Release|Any CPU
		{370826FC-E976-4D6C-9EE5-197E774C902B}.Release|x86.Build.0 = Release|Any CPU
		{F7FE2A5F-249D-448A-89C0-DBC8E52634AD}.Debug|Any CPU.ActiveCfg = Debug|Any CPU
		{F7FE2A5F-249D-448A-89C0-DBC8E52634AD}.Debug|Any CPU.Build.0 = Debug|Any CPU
		{F7FE2A5F-249D-448A-89C0-DBC8E52634AD}.Debug|x64.ActiveCfg = Debug|Any CPU
		{F7FE2A5F-249D-448A-89C0-DBC8E52634AD}.Debug|x64.Build.0 = Debug|Any CPU
		{F7FE2A5F-249D-448A-89C0-DBC8E52634AD}.Debug|x86.ActiveCfg = Debug|Any CPU
		{F7FE2A5F-249D-448A-89C0-DBC8E52634AD}.Debug|x86.Build.0 = Debug|Any CPU
		{F7FE2A5F-249D-448A-89C0-DBC8E52634AD}.Release|Any CPU.ActiveCfg = Release|Any CPU
		{F7FE2A5F-249D-448A-89C0-DBC8E52634AD}.Release|Any CPU.Build.0 = Release|Any CPU
		{F7FE2A5F-249D-448A-89C0-DBC8E52634AD}.Release|x64.ActiveCfg = Release|Any CPU
		{F7FE2A5F-249D-448A-89C0-DBC8E52634AD}.Release|x64.Build.0 = Release|Any CPU
		{F7FE2A5F-249D-448A-89C0-DBC8E52634AD}.Release|x86.ActiveCfg = Release|Any CPU
		{F7FE2A5F-249D-448A-89C0-DBC8E52634AD}.Release|x86.Build.0 = Release|Any CPU
		{F7D8B0B8-198C-48BB-B4BF-40342679A59B}.Debug|Any CPU.ActiveCfg = Debug|Any CPU
		{F7D8B0B8-198C-48BB-B4BF-40342679A59B}.Debug|Any CPU.Build.0 = Debug|Any CPU
		{F7D8B0B8-198C-48BB-B4BF-40342679A59B}.Debug|x64.ActiveCfg = Debug|Any CPU
		{F7D8B0B8-198C-48BB-B4BF-40342679A59B}.Debug|x64.Build.0 = Debug|Any CPU
		{F7D8B0B8-198C-48BB-B4BF-40342679A59B}.Debug|x86.ActiveCfg = Debug|Any CPU
		{F7D8B0B8-198C-48BB-B4BF-40342679A59B}.Debug|x86.Build.0 = Debug|Any CPU
		{F7D8B0B8-198C-48BB-B4BF-40342679A59B}.Release|Any CPU.ActiveCfg = Release|Any CPU
		{F7D8B0B8-198C-48BB-B4BF-40342679A59B}.Release|Any CPU.Build.0 = Release|Any CPU
		{F7D8B0B8-198C-48BB-B4BF-40342679A59B}.Release|x64.ActiveCfg = Release|Any CPU
		{F7D8B0B8-198C-48BB-B4BF-40342679A59B}.Release|x64.Build.0 = Release|Any CPU
		{F7D8B0B8-198C-48BB-B4BF-40342679A59B}.Release|x86.ActiveCfg = Release|Any CPU
		{F7D8B0B8-198C-48BB-B4BF-40342679A59B}.Release|x86.Build.0 = Release|Any CPU
		{C1DB88B6-FDE0-43E0-95AE-0AC065CA5440}.Debug|Any CPU.ActiveCfg = Debug|Any CPU
		{C1DB88B6-FDE0-43E0-95AE-0AC065CA5440}.Debug|Any CPU.Build.0 = Debug|Any CPU
		{C1DB88B6-FDE0-43E0-95AE-0AC065CA5440}.Debug|x64.ActiveCfg = Debug|Any CPU
		{C1DB88B6-FDE0-43E0-95AE-0AC065CA5440}.Debug|x64.Build.0 = Debug|Any CPU
		{C1DB88B6-FDE0-43E0-95AE-0AC065CA5440}.Debug|x86.ActiveCfg = Debug|Any CPU
		{C1DB88B6-FDE0-43E0-95AE-0AC065CA5440}.Debug|x86.Build.0 = Debug|Any CPU
		{C1DB88B6-FDE0-43E0-95AE-0AC065CA5440}.Release|Any CPU.ActiveCfg = Release|Any CPU
		{C1DB88B6-FDE0-43E0-95AE-0AC065CA5440}.Release|Any CPU.Build.0 = Release|Any CPU
		{C1DB88B6-FDE0-43E0-95AE-0AC065CA5440}.Release|x64.ActiveCfg = Release|Any CPU
		{C1DB88B6-FDE0-43E0-95AE-0AC065CA5440}.Release|x64.Build.0 = Release|Any CPU
		{C1DB88B6-FDE0-43E0-95AE-0AC065CA5440}.Release|x86.ActiveCfg = Release|Any CPU
		{C1DB88B6-FDE0-43E0-95AE-0AC065CA5440}.Release|x86.Build.0 = Release|Any CPU
	EndGlobalSection
	GlobalSection(SolutionProperties) = preSolution
		HideSolutionNode = FALSE
	EndGlobalSection
EndGlobal
